// !$*UTF8*$!
{
	archiveVersion = 1;
	classes = {
	};
	objectVersion = 56;
	objects = {

/* Begin PBXBuildFile section */
		86AA8AAF29D0698F00269E99 /* AppDelegate.swift in Sources */ = {isa = PBXBuildFile; fileRef = 86AA8AAE29D0698F00269E99 /* AppDelegate.swift */; };
		86AA8AB129D0698F00269E99 /* SceneDelegate.swift in Sources */ = {isa = PBXBuildFile; fileRef = 86AA8AB029D0698F00269E99 /* SceneDelegate.swift */; };
		86AA8AB329D0698F00269E99 /* ViewController.swift in Sources */ = {isa = PBXBuildFile; fileRef = 86AA8AB229D0698F00269E99 /* ViewController.swift */; };
		86AA8AB629D0698F00269E99 /* Main.storyboard in Resources */ = {isa = PBXBuildFile; fileRef = 86AA8AB429D0698F00269E99 /* Main.storyboard */; };
		86AA8AB829D0699000269E99 /* Assets.xcassets in Resources */ = {isa = PBXBuildFile; fileRef = 86AA8AB729D0699000269E99 /* Assets.xcassets */; };
		86AA8ABB29D0699000269E99 /* LaunchScreen.storyboard in Resources */ = {isa = PBXBuildFile; fileRef = 86AA8AB929D0699000269E99 /* LaunchScreen.storyboard */; };
		86AA8AC829D069E700269E99 /* NetworkManager.swift in Sources */ = {isa = PBXBuildFile; fileRef = 86AA8AC729D069E700269E99 /* NetworkManager.swift */; };
		86AA8ACB29D06DBB00269E99 /* UITableView+Combine.swift in Sources */ = {isa = PBXBuildFile; fileRef = 86AA8ACA29D06DBB00269E99 /* UITableView+Combine.swift */; };
		86AA8ACD29D06E8000269E99 /* Repository.swift in Sources */ = {isa = PBXBuildFile; fileRef = 86AA8ACC29D06E8000269E99 /* Repository.swift */; };
		86AA8ACF29D06E9D00269E99 /* RepositoryViewModel.swift in Sources */ = {isa = PBXBuildFile; fileRef = 86AA8ACE29D06E9D00269E99 /* RepositoryViewModel.swift */; };
		86AA8AD129D06EDB00269E99 /* RepoCell.swift in Sources */ = {isa = PBXBuildFile; fileRef = 86AA8AD029D06EDB00269E99 /* RepoCell.swift */; };
		86AA8AD329D0700C00269E99 /* UITableView.swift in Sources */ = {isa = PBXBuildFile; fileRef = 86AA8AD229D0700C00269E99 /* UITableView.swift */; };
/* End PBXBuildFile section */

/* Begin PBXFileReference section */
		86AA8AAB29D0698F00269E99 /* CombineTableView.app */ = {isa = PBXFileReference; explicitFileType = wrapper.application; includeInIndex = 0; path = CombineTableView.app; sourceTree = BUILT_PRODUCTS_DIR; };
		86AA8AAE29D0698F00269E99 /* AppDelegate.swift */ = {isa = PBXFileReference; lastKnownFileType = sourcecode.swift; path = AppDelegate.swift; sourceTree = "<group>"; };
		86AA8AB029D0698F00269E99 /* SceneDelegate.swift */ = {isa = PBXFileReference; lastKnownFileType = sourcecode.swift; path = SceneDelegate.swift; sourceTree = "<group>"; };
		86AA8AB229D0698F00269E99 /* ViewController.swift */ = {isa = PBXFileReference; lastKnownFileType = sourcecode.swift; path = ViewController.swift; sourceTree = "<group>"; };
		86AA8AB529D0698F00269E99 /* Base */ = {isa = PBXFileReference; lastKnownFileType = file.storyboard; name = Base; path = Base.lproj/Main.storyboard; sourceTree = "<group>"; };
		86AA8AB729D0699000269E99 /* Assets.xcassets */ = {isa = PBXFileReference; lastKnownFileType = folder.assetcatalog; path = Assets.xcassets; sourceTree = "<group>"; };
		86AA8ABA29D0699000269E99 /* Base */ = {isa = PBXFileReference; lastKnownFileType = file.storyboard; name = Base; path = Base.lproj/LaunchScreen.storyboard; sourceTree = "<group>"; };
		86AA8ABC29D0699000269E99 /* Info.plist */ = {isa = PBXFileReference; lastKnownFileType = text.plist.xml; path = Info.plist; sourceTree = "<group>"; };
		86AA8AC729D069E700269E99 /* NetworkManager.swift */ = {isa = PBXFileReference; lastKnownFileType = sourcecode.swift; path = NetworkManager.swift; sourceTree = "<group>"; };
		86AA8ACA29D06DBB00269E99 /* UITableView+Combine.swift */ = {isa = PBXFileReference; lastKnownFileType = sourcecode.swift; path = "UITableView+Combine.swift"; sourceTree = "<group>"; };
		86AA8ACC29D06E8000269E99 /* Repository.swift */ = {isa = PBXFileReference; lastKnownFileType = sourcecode.swift; path = Repository.swift; sourceTree = "<group>"; };
		86AA8ACE29D06E9D00269E99 /* RepositoryViewModel.swift */ = {isa = PBXFileReference; lastKnownFileType = sourcecode.swift; path = RepositoryViewModel.swift; sourceTree = "<group>"; };
		86AA8AD029D06EDB00269E99 /* RepoCell.swift */ = {isa = PBXFileReference; lastKnownFileType = sourcecode.swift; path = RepoCell.swift; sourceTree = "<group>"; };
		86AA8AD229D0700C00269E99 /* UITableView.swift */ = {isa = PBXFileReference; lastKnownFileType = sourcecode.swift; path = UITableView.swift; sourceTree = "<group>"; };
/* End PBXFileReference section */

/* Begin PBXFrameworksBuildPhase section */
		86AA8AA829D0698F00269E99 /* Frameworks */ = {
			isa = PBXFrameworksBuildPhase;
			buildActionMask = 2147483647;
			files = (
			);
			runOnlyForDeploymentPostprocessing = 0;
		};
/* End PBXFrameworksBuildPhase section */

/* Begin PBXGroup section */
		86AA8AA229D0698F00269E99 = {
			isa = PBXGroup;
			children = (
				86AA8AAD29D0698F00269E99 /* CombineTableView */,
				86AA8AAC29D0698F00269E99 /* Products */,
			);
			sourceTree = "<group>";
		};
		86AA8AAC29D0698F00269E99 /* Products */ = {
			isa = PBXGroup;
			children = (
				86AA8AAB29D0698F00269E99 /* CombineTableView.app */,
			);
			name = Products;
			sourceTree = "<group>";
		};
		86AA8AAD29D0698F00269E99 /* CombineTableView */ = {
			isa = PBXGroup;
			children = (
				86AA8AC929D06D5900269E99 /* Extensions */,
				86AA8AC629D069D200269E99 /* Network */,
				86AA8AC529D069C900269E99 /* ViewModel */,
				86AA8AC429D069BF00269E99 /* Model */,
				86AA8AC329D069B100269E99 /* App */,
				86AA8AC229D069A300269E99 /* View */,
				86AA8AB429D0698F00269E99 /* Main.storyboard */,
				86AA8AB729D0699000269E99 /* Assets.xcassets */,
				86AA8AB929D0699000269E99 /* LaunchScreen.storyboard */,
				86AA8ABC29D0699000269E99 /* Info.plist */,
			);
			path = CombineTableView;
			sourceTree = "<group>";
		};
		86AA8AC229D069A300269E99 /* View */ = {
			isa = PBXGroup;
			children = (
				86AA8AB229D0698F00269E99 /* ViewController.swift */,
				86AA8AD029D06EDB00269E99 /* RepoCell.swift */,
			);
			path = View;
			sourceTree = "<group>";
		};
		86AA8AC329D069B100269E99 /* App */ = {
			isa = PBXGroup;
			children = (
				86AA8AAE29D0698F00269E99 /* AppDelegate.swift */,
				86AA8AB029D0698F00269E99 /* SceneDelegate.swift */,
			);
			path = App;
			sourceTree = "<group>";
		};
		86AA8AC429D069BF00269E99 /* Model */ = {
			isa = PBXGroup;
			children = (
				86AA8ACC29D06E8000269E99 /* Repository.swift */,
			);
			path = Model;
			sourceTree = "<group>";
		};
		86AA8AC529D069C900269E99 /* ViewModel */ = {
			isa = PBXGroup;
			children = (
				86AA8ACE29D06E9D00269E99 /* RepositoryViewModel.swift */,
			);
			path = ViewModel;
			sourceTree = "<group>";
		};
		86AA8AC629D069D200269E99 /* Network */ = {
			isa = PBXGroup;
			children = (
				86AA8AC729D069E700269E99 /* NetworkManager.swift */,
			);
			path = Network;
			sourceTree = "<group>";
		};
		86AA8AC929D06D5900269E99 /* Extensions */ = {
			isa = PBXGroup;
			children = (
				86AA8ACA29D06DBB00269E99 /* UITableView+Combine.swift */,
				86AA8AD229D0700C00269E99 /* UITableView.swift */,
			);
			path = Extensions;
			sourceTree = "<group>";
		};
/* End PBXGroup section */

/* Begin PBXNativeTarget section */
		86AA8AAA29D0698F00269E99 /* CombineTableView */ = {
			isa = PBXNativeTarget;
			buildConfigurationList = 86AA8ABF29D0699000269E99 /* Build configuration list for PBXNativeTarget "CombineTableView" */;
			buildPhases = (
				86AA8AA729D0698F00269E99 /* Sources */,
				86AA8AA829D0698F00269E99 /* Frameworks */,
				86AA8AA929D0698F00269E99 /* Resources */,
			);
			buildRules = (
			);
			dependencies = (
			);
			name = CombineTableView;
			productName = CombineTableView;
			productReference = 86AA8AAB29D0698F00269E99 /* CombineTableView.app */;
			productType = "com.apple.product-type.application";
		};
/* End PBXNativeTarget section */

/* Begin PBXProject section */
		86AA8AA329D0698F00269E99 /* Project object */ = {
			isa = PBXProject;
			attributes = {
				BuildIndependentTargetsInParallel = 1;
				LastSwiftUpdateCheck = 1420;
				LastUpgradeCheck = 1420;
				TargetAttributes = {
					86AA8AAA29D0698F00269E99 = {
						CreatedOnToolsVersion = 14.2;
					};
				};
			};
			buildConfigurationList = 86AA8AA629D0698F00269E99 /* Build configuration list for PBXProject "CombineTableView" */;
			compatibilityVersion = "Xcode 14.0";
			developmentRegion = en;
			hasScannedForEncodings = 0;
			knownRegions = (
				en,
				Base,
			);
			mainGroup = 86AA8AA229D0698F00269E99;
			productRefGroup = 86AA8AAC29D0698F00269E99 /* Products */;
			projectDirPath = "";
			projectRoot = "";
			targets = (
				86AA8AAA29D0698F00269E99 /* CombineTableView */,
			);
		};
/* End PBXProject section */

/* Begin PBXResourcesBuildPhase section */
		86AA8AA929D0698F00269E99 /* Resources */ = {
			isa = PBXResourcesBuildPhase;
			buildActionMask = 2147483647;
			files = (
				86AA8ABB29D0699000269E99 /* LaunchScreen.storyboard in Resources */,
				86AA8AB829D0699000269E99 /* Assets.xcassets in Resources */,
				86AA8AB629D0698F00269E99 /* Main.storyboard in Resources */,
			);
			runOnlyForDeploymentPostprocessing = 0;
		};
/* End PBXResourcesBuildPhase section */

/* Begin PBXSourcesBuildPhase section */
		86AA8AA729D0698F00269E99 /* Sources */ = {
			isa = PBXSourcesBuildPhase;
			buildActionMask = 2147483647;
			files = (
				86AA8ACF29D06E9D00269E99 /* RepositoryViewModel.swift in Sources */,
				86AA8ACB29D06DBB00269E99 /* UITableView+Combine.swift in Sources */,
				86AA8AC829D069E700269E99 /* NetworkManager.swift in Sources */,
				86AA8AB329D0698F00269E99 /* ViewController.swift in Sources */,
				86AA8AAF29D0698F00269E99 /* AppDelegate.swift in Sources */,
				86AA8AD329D0700C00269E99 /* UITableView.swift in Sources */,
				86AA8AB129D0698F00269E99 /* SceneDelegate.swift in Sources */,
				86AA8ACD29D06E8000269E99 /* Repository.swift in Sources */,
				86AA8AD129D06EDB00269E99 /* RepoCell.swift in Sources */,
			);
			runOnlyForDeploymentPostprocessing = 0;
		};
/* End PBXSourcesBuildPhase section */

/* Begin PBXVariantGroup section */
		86AA8AB429D0698F00269E99 /* Main.storyboard */ = {
			isa = PBXVariantGroup;
			children = (
				86AA8AB529D0698F00269E99 /* Base */,
			);
			name = Main.storyboard;
			sourceTree = "<group>";
		};
		86AA8AB929D0699000269E99 /* LaunchScreen.storyboard */ = {
			isa = PBXVariantGroup;
			children = (
				86AA8ABA29D0699000269E99 /* Base */,
			);
			name = LaunchScreen.storyboard;
			sourceTree = "<group>";
		};
/* End PBXVariantGroup section */

/* Begin XCBuildConfiguration section */
		86AA8ABD29D0699000269E99 /* Debug */ = {
			isa = XCBuildConfiguration;
			buildSettings = {
				ALWAYS_SEARCH_USER_PATHS = NO;
				CLANG_ANALYZER_NONNULL = YES;
				CLANG_ANALYZER_NUMBER_OBJECT_CONVERSION = YES_AGGRESSIVE;
				CLANG_CXX_LANGUAGE_STANDARD = "gnu++20";
				CLANG_ENABLE_MODULES = YES;
				CLANG_ENABLE_OBJC_ARC = YES;
				CLANG_ENABLE_OBJC_WEAK = YES;
				CLANG_WARN_BLOCK_CAPTURE_AUTORELEASING = YES;
				CLANG_WARN_BOOL_CONVERSION = YES;
				CLANG_WARN_COMMA = YES;
				CLANG_WARN_CONSTANT_CONVERSION = YES;
				CLANG_WARN_DEPRECATED_OBJC_IMPLEMENTATIONS = YES;
				CLANG_WARN_DIRECT_OBJC_ISA_USAGE = YES_ERROR;
				CLANG_WARN_DOCUMENTATION_COMMENTS = YES;
				CLANG_WARN_EMPTY_BODY = YES;
				CLANG_WARN_ENUM_CONVERSION = YES;
				CLANG_WARN_INFINITE_RECURSION = YES;
				CLANG_WARN_INT_CONVERSION = YES;
				CLANG_WARN_NON_LITERAL_NULL_CONVERSION = YES;
				CLANG_WARN_OBJC_IMPLICIT_RETAIN_SELF = YES;
				CLANG_WARN_OBJC_LITERAL_CONVERSION = YES;
				CLANG_WARN_OBJC_ROOT_CLASS = YES_ERROR;
				CLANG_WARN_QUOTED_INCLUDE_IN_FRAMEWORK_HEADER = YES;
				CLANG_WARN_RANGE_LOOP_ANALYSIS = YES;
				CLANG_WARN_STRICT_PROTOTYPES = YES;
				CLANG_WARN_SUSPICIOUS_MOVE = YES;
				CLANG_WARN_UNGUARDED_AVAILABILITY = YES_AGGRESSIVE;
				CLANG_WARN_UNREACHABLE_CODE = YES;
				CLANG_WARN__DUPLICATE_METHOD_MATCH = YES;
				COPY_PHASE_STRIP = NO;
				DEBUG_INFORMATION_FORMAT = dwarf;
				ENABLE_STRICT_OBJC_MSGSEND = YES;
				ENABLE_TESTABILITY = YES;
				GCC_C_LANGUAGE_STANDARD = gnu11;
				GCC_DYNAMIC_NO_PIC = NO;
				GCC_NO_COMMON_BLOCKS = YES;
				GCC_OPTIMIZATION_LEVEL = 0;
				GCC_PREPROCESSOR_DEFINITIONS = (
					"DEBUG=1",
					"$(inherited)",
				);
				GCC_WARN_64_TO_32_BIT_CONVERSION = YES;
				GCC_WARN_ABOUT_RETURN_TYPE = YES_ERROR;
				GCC_WARN_UNDECLARED_SELECTOR = YES;
				GCC_WARN_UNINITIALIZED_AUTOS = YES_AGGRESSIVE;
				GCC_WARN_UNUSED_FUNCTION = YES;
				GCC_WARN_UNUSED_VARIABLE = YES;
				IPHONEOS_DEPLOYMENT_TARGET = 16.2;
				MTL_ENABLE_DEBUG_INFO = INCLUDE_SOURCE;
				MTL_FAST_MATH = YES;
				ONLY_ACTIVE_ARCH = YES;
				SDKROOT = iphoneos;
				SWIFT_ACTIVE_COMPILATION_CONDITIONS = DEBUG;
				SWIFT_OPTIMIZATION_LEVEL = "-Onone";
			};
			name = Debug;
		};
		86AA8ABE29D0699000269E99 /* Release */ = {
			isa = XCBuildConfiguration;
			buildSettings = {
				ALWAYS_SEARCH_USER_PATHS = NO;
				CLANG_ANALYZER_NONNULL = YES;
				CLANG_ANALYZER_NUMBER_OBJECT_CONVERSION = YES_AGGRESSIVE;
				CLANG_CXX_LANGUAGE_STANDARD = "gnu++20";
				CLANG_ENABLE_MODULES = YES;
				CLANG_ENABLE_OBJC_ARC = YES;
				CLANG_ENABLE_OBJC_WEAK = YES;
				CLANG_WARN_BLOCK_CAPTURE_AUTORELEASING = YES;
				CLANG_WARN_BOOL_CONVERSION = YES;
				CLANG_WARN_COMMA = YES;
				CLANG_WARN_CONSTANT_CONVERSION = YES;
				CLANG_WARN_DEPRECATED_OBJC_IMPLEMENTATIONS = YES;
				CLANG_WARN_DIRECT_OBJC_ISA_USAGE = YES_ERROR;
				CLANG_WARN_DOCUMENTATION_COMMENTS = YES;
				CLANG_WARN_EMPTY_BODY = YES;
				CLANG_WARN_ENUM_CONVERSION = YES;
				CLANG_WARN_INFINITE_RECURSION = YES;
				CLANG_WARN_INT_CONVERSION = YES;
				CLANG_WARN_NON_LITERAL_NULL_CONVERSION = YES;
				CLANG_WARN_OBJC_IMPLICIT_RETAIN_SELF = YES;
				CLANG_WARN_OBJC_LITERAL_CONVERSION = YES;
				CLANG_WARN_OBJC_ROOT_CLASS = YES_ERROR;
				CLANG_WARN_QUOTED_INCLUDE_IN_FRAMEWORK_HEADER = YES;
				CLANG_WARN_RANGE_LOOP_ANALYSIS = YES;
				CLANG_WARN_STRICT_PROTOTYPES = YES;
				CLANG_WARN_SUSPICIOUS_MOVE = YES;
				CLANG_WARN_UNGUARDED_AVAILABILITY = YES_AGGRESSIVE;
				CLANG_WARN_UNREACHABLE_CODE = YES;
				CLANG_WARN__DUPLICATE_METHOD_MATCH = YES;
				COPY_PHASE_STRIP = NO;
				DEBUG_INFORMATION_FORMAT = "dwarf-with-dsym";
				ENABLE_NS_ASSERTIONS = NO;
				ENABLE_STRICT_OBJC_MSGSEND = YES;
				GCC_C_LANGUAGE_STANDARD = gnu11;
				GCC_NO_COMMON_BLOCKS = YES;
				GCC_WARN_64_TO_32_BIT_CONVERSION = YES;
				GCC_WARN_ABOUT_RETURN_TYPE = YES_ERROR;
				GCC_WARN_UNDECLARED_SELECTOR = YES;
				GCC_WARN_UNINITIALIZED_AUTOS = YES_AGGRESSIVE;
				GCC_WARN_UNUSED_FUNCTION = YES;
				GCC_WARN_UNUSED_VARIABLE = YES;
				IPHONEOS_DEPLOYMENT_TARGET = 16.2;
				MTL_ENABLE_DEBUG_INFO = NO;
				MTL_FAST_MATH = YES;
				SDKROOT = iphoneos;
				SWIFT_COMPILATION_MODE = wholemodule;
				SWIFT_OPTIMIZATION_LEVEL = "-O";
				VALIDATE_PRODUCT = YES;
			};
			name = Release;
		};
		86AA8AC029D0699000269E99 /* Debug */ = {
			isa = XCBuildConfiguration;
			buildSettings = {
				ASSETCATALOG_COMPILER_APPICON_NAME = AppIcon;
				ASSETCATALOG_COMPILER_GLOBAL_ACCENT_COLOR_NAME = AccentColor;
				CODE_SIGN_STYLE = Automatic;
				CURRENT_PROJECT_VERSION = 1;
				DEVELOPMENT_TEAM = APAFPPCAVJ;
				GENERATE_INFOPLIST_FILE = YES;
				INFOPLIST_FILE = CombineTableView/Info.plist;
				INFOPLIST_KEY_UIApplicationSupportsIndirectInputEvents = YES;
				INFOPLIST_KEY_UILaunchStoryboardName = LaunchScreen;
				INFOPLIST_KEY_UIMainStoryboardFile = Main;
				INFOPLIST_KEY_UISupportedInterfaceOrientations_iPad = "UIInterfaceOrientationPortrait UIInterfaceOrientationPortraitUpsideDown UIInterfaceOrientationLandscapeLeft UIInterfaceOrientationLandscapeRight";
				INFOPLIST_KEY_UISupportedInterfaceOrientations_iPhone = "UIInterfaceOrientationPortrait UIInterfaceOrientationLandscapeLeft UIInterfaceOrientationLandscapeRight";
				LD_RUNPATH_SEARCH_PATHS = (
					"$(inherited)",
					"@executable_path/Frameworks",
				);
				MARKETING_VERSION = 1.0;
				PRODUCT_BUNDLE_IDENTIFIER = com.sovansh.CombineTableView;
				PRODUCT_NAME = "$(TARGET_NAME)";
				SWIFT_EMIT_LOC_STRINGS = YES;
				SWIFT_VERSION = 5.0;
				TARGETED_DEVICE_FAMILY = "1,2";
			};
			name = Debug;
		};
		86AA8AC129D0699000269E99 /* Release */ = {
			isa = XCBuildConfiguration;
			buildSettings = {
				ASSETCATALOG_COMPILER_APPICON_NAME = AppIcon;
				ASSETCATALOG_COMPILER_GLOBAL_ACCENT_COLOR_NAME = AccentColor;
				CODE_SIGN_STYLE = Automatic;
				CURRENT_PROJECT_VERSION = 1;
				DEVELOPMENT_TEAM = APAFPPCAVJ;
				GENERATE_INFOPLIST_FILE = YES;
				INFOPLIST_FILE = CombineTableView/Info.plist;
				INFOPLIST_KEY_UIApplicationSupportsIndirectInputEvents = YES;
				INFOPLIST_KEY_UILaunchStoryboardName = LaunchScreen;
				INFOPLIST_KEY_UIMainStoryboardFile = Main;
				INFOPLIST_KEY_UISupportedInterfaceOrientations_iPad = "UIInterfaceOrientationPortrait UIInterfaceOrientationPortraitUpsideDown UIInterfaceOrientationLandscapeLeft UIInterfaceOrientationLandscapeRight";
				INFOPLIST_KEY_UISupportedInterfaceOrientations_iPhone = "UIInterfaceOrientationPortrait UIInterfaceOrientationLandscapeLeft UIInterfaceOrientationLandscapeRight";
				LD_RUNPATH_SEARCH_PATHS = (
					"$(inherited)",
					"@executable_path/Frameworks",
				);
				MARKETING_VERSION = 1.0;
				PRODUCT_BUNDLE_IDENTIFIER = com.sovansh.CombineTableView;
				PRODUCT_NAME = "$(TARGET_NAME)";
				SWIFT_EMIT_LOC_STRINGS = YES;
				SWIFT_VERSION = 5.0;
				TARGETED_DEVICE_FAMILY = "1,2";
			};
			name = Release;
		};
/* End XCBuildConfiguration section */

/* Begin XCConfigurationList section */
		86AA8AA629D0698F00269E99 /* Build configuration list for PBXProject "CombineTableView" */ = {
			isa = XCConfigurationList;
			buildConfigurations = (
				86AA8ABD29D0699000269E99 /* Debug */,
				86AA8ABE29D0699000269E99 /* Release */,
			);
			defaultConfigurationIsVisible = 0;
			defaultConfigurationName = Release;
		};
		86AA8ABF29D0699000269E99 /* Build configuration list for PBXNativeTarget "CombineTableView" */ = {
			isa = XCConfigurationList;
			buildConfigurations = (
				86AA8AC029D0699000269E99 /* Debug */,
				86AA8AC129D0699000269E99 /* Release */,
			);
			defaultConfigurationIsVisible = 0;
			defaultConfigurationName = Release;
		};
/* End XCConfigurationList section */
	};
	rootObject = 86AA8AA329D0698F00269E99 /* Project object */;
}
